# This file is automatically @generated by Cargo.
# It is not intended for manual editing.
version = 3

[[package]]
name = "ast"
version = "0.1.0"

[[package]]
name = "baddie-builder-rs"
version = "0.1.0"

[[package]]
name = "flow"
version = "0.1.0"

[[package]]
name = "lexer"
version = "0.1.0"

[[package]]
name = "parser"
version = "0.1.0"

[[package]]
name = "print"
version = "0.1.0"

[[package]]
name = "repr"
version = "0.1.0"

[[package]]
name = "salo"
version = "0.1.0"

[[package]]
name = "solve"
version = "0.1.0"
